
Microsoft Visual Studio Solution File, Format Version 12.00
# Visual Studio Version 16
VisualStudioVersion = 16.0.30413.136
MinimumVisualStudioVersion = 10.0.40219.1
Project("{FAE04EC0-301F-11D3-BF4B-00C04F79EFBC}") = "OrganiserApp2", "OrganiserApp2.csproj", "{AEC11EDC-3223-4073-9C13-4CCBD38B2462}"
EndProject
Global
	GlobalSection(SolutionConfigurationPlatforms) = preSolution
		Debug|Any CPU = Debug|Any CPU
		Release|Any CPU = Release|Any CPU
	EndGlobalSection
	GlobalSection(ProjectConfigurationPlatforms) = postSolution
		{AEC11EDC-3223-4073-9C13-4CCBD38B2462}.Debug|Any CPU.ActiveCfg = Debug|Any CPU
		{AEC11EDC-3223-4073-9C13-4CCBD38B2462}.Debug|Any CPU.Build.0 = Debug|Any CPU
		{AEC11EDC-3223-4073-9C13-4CCBD38B2462}.Release|Any CPU.ActiveCfg = Release|Any CPU
		{AEC11EDC-3223-4073-9C13-4CCBD38B2462}.Release|Any CPU.Build.0 = Release|Any CPU
	EndGlobalSection
	GlobalSection(SolutionProperties) = preSolution
		HideSolutionNode = FALSE
	EndGlobalSection
	GlobalSection(ExtensibilityGlobals) = postSolution
		SolutionGuid = {5954F8FB-C877-4570-8EA3-2B7DBA98A709}
	EndGlobalSection
EndGlobal
